// !$*UTF8*$!
{
	archiveVersion = 1;
	classes = {
	};
	objectVersion = 46;
	objects = {

/* Begin PBXBuildFile section */
		7F9C8CDD1E7701A400D6D448 /* AppDelegate.swift in Sources */ = {isa = PBXBuildFile; fileRef = 7F9C8CDC1E7701A400D6D448 /* AppDelegate.swift */; };
		7F9C8CDF1E7701A400D6D448 /* MemeMakerViewController.swift in Sources */ = {isa = PBXBuildFile; fileRef = 7F9C8CDE1E7701A400D6D448 /* MemeMakerViewController.swift */; };
		7F9C8CE21E7701A400D6D448 /* Main.storyboard in Resources */ = {isa = PBXBuildFile; fileRef = 7F9C8CE01E7701A400D6D448 /* Main.storyboard */; };
		7F9C8CE41E7701A400D6D448 /* Assets.xcassets in Resources */ = {isa = PBXBuildFile; fileRef = 7F9C8CE31E7701A400D6D448 /* Assets.xcassets */; };
		7F9C8CE71E7701A400D6D448 /* LaunchScreen.storyboard in Resources */ = {isa = PBXBuildFile; fileRef = 7F9C8CE51E7701A400D6D448 /* LaunchScreen.storyboard */; };
		7F9C8CEF1E7703F400D6D448 /* MemeMakerTableViewController.swift in Sources */ = {isa = PBXBuildFile; fileRef = 7F9C8CEE1E7703F400D6D448 /* MemeMakerTableViewController.swift */; };
		7F9C8CF11E7705E200D6D448 /* MemeMakerCollectionViewController.swift in Sources */ = {isa = PBXBuildFile; fileRef = 7F9C8CF01E7705E200D6D448 /* MemeMakerCollectionViewController.swift */; };
		7F9C8CF31E77068F00D6D448 /* MemeClass.swift in Sources */ = {isa = PBXBuildFile; fileRef = 7F9C8CF21E77068F00D6D448 /* MemeClass.swift */; };
		7FB2FB141E7B85B800D19792 /* MemeCollectionViewCell.swift in Sources */ = {isa = PBXBuildFile; fileRef = 7FB2FB131E7B85B800D19792 /* MemeCollectionViewCell.swift */; };
		7FB2FB161E80386600D19792 /* DetailViewController.swift in Sources */ = {isa = PBXBuildFile; fileRef = 7FB2FB151E80386600D19792 /* DetailViewController.swift */; };
/* End PBXBuildFile section */

/* Begin PBXFileReference section */
		7F9C8CD91E7701A400D6D448 /* MemeMaker.app */ = {isa = PBXFileReference; explicitFileType = wrapper.application; includeInIndex = 0; path = MemeMaker.app; sourceTree = BUILT_PRODUCTS_DIR; };
		7F9C8CDC1E7701A400D6D448 /* AppDelegate.swift */ = {isa = PBXFileReference; lastKnownFileType = sourcecode.swift; path = AppDelegate.swift; sourceTree = "<group>"; };
		7F9C8CDE1E7701A400D6D448 /* MemeMakerViewController.swift */ = {isa = PBXFileReference; lastKnownFileType = sourcecode.swift; path = MemeMakerViewController.swift; sourceTree = "<group>"; };
		7F9C8CE11E7701A400D6D448 /* Base */ = {isa = PBXFileReference; lastKnownFileType = file.storyboard; name = Base; path = Base.lproj/Main.storyboard; sourceTree = "<group>"; };
		7F9C8CE31E7701A400D6D448 /* Assets.xcassets */ = {isa = PBXFileReference; lastKnownFileType = folder.assetcatalog; path = Assets.xcassets; sourceTree = "<group>"; };
		7F9C8CE61E7701A400D6D448 /* Base */ = {isa = PBXFileReference; lastKnownFileType = file.storyboard; name = Base; path = Base.lproj/LaunchScreen.storyboard; sourceTree = "<group>"; };
		7F9C8CE81E7701A400D6D448 /* Info.plist */ = {isa = PBXFileReference; lastKnownFileType = text.plist.xml; path = Info.plist; sourceTree = "<group>"; };
		7F9C8CEE1E7703F400D6D448 /* MemeMakerTableViewController.swift */ = {isa = PBXFileReference; fileEncoding = 4; lastKnownFileType = sourcecode.swift; path = MemeMakerTableViewController.swift; sourceTree = "<group>"; };
		7F9C8CF01E7705E200D6D448 /* MemeMakerCollectionViewController.swift */ = {isa = PBXFileReference; fileEncoding = 4; lastKnownFileType = sourcecode.swift; path = MemeMakerCollectionViewController.swift; sourceTree = "<group>"; };
		7F9C8CF21E77068F00D6D448 /* MemeClass.swift */ = {isa = PBXFileReference; fileEncoding = 4; lastKnownFileType = sourcecode.swift; path = MemeClass.swift; sourceTree = "<group>"; };
		7FB2FB131E7B85B800D19792 /* MemeCollectionViewCell.swift */ = {isa = PBXFileReference; fileEncoding = 4; lastKnownFileType = sourcecode.swift; path = MemeCollectionViewCell.swift; sourceTree = "<group>"; };
		7FB2FB151E80386600D19792 /* DetailViewController.swift */ = {isa = PBXFileReference; fileEncoding = 4; lastKnownFileType = sourcecode.swift; path = DetailViewController.swift; sourceTree = "<group>"; };
/* End PBXFileReference section */

/* Begin PBXFrameworksBuildPhase section */
		7F9C8CD61E7701A400D6D448 /* Frameworks */ = {
			isa = PBXFrameworksBuildPhase;
			buildActionMask = 2147483647;
			files = (
			);
			runOnlyForDeploymentPostprocessing = 0;
		};
/* End PBXFrameworksBuildPhase section */

/* Begin PBXGroup section */
		7F9C8CD01E7701A400D6D448 = {
			isa = PBXGroup;
			children = (
				7F9C8CDB1E7701A400D6D448 /* MemeMaker */,
				7F9C8CDA1E7701A400D6D448 /* Products */,
			);
			sourceTree = "<group>";
		};
		7F9C8CDA1E7701A400D6D448 /* Products */ = {
			isa = PBXGroup;
			children = (
				7F9C8CD91E7701A400D6D448 /* MemeMaker.app */,
			);
			name = Products;
			sourceTree = "<group>";
		};
		7F9C8CDB1E7701A400D6D448 /* MemeMaker */ = {
			isa = PBXGroup;
			children = (
				7F9C8CDC1E7701A400D6D448 /* AppDelegate.swift */,
				7F9C8CDE1E7701A400D6D448 /* MemeMakerViewController.swift */,
				7F9C8CF21E77068F00D6D448 /* MemeClass.swift */,
				7F9C8CE01E7701A400D6D448 /* Main.storyboard */,
				7F9C8CE31E7701A400D6D448 /* Assets.xcassets */,
				7F9C8CE51E7701A400D6D448 /* LaunchScreen.storyboard */,
				7F9C8CE81E7701A400D6D448 /* Info.plist */,
				7F9C8CEE1E7703F400D6D448 /* MemeMakerTableViewController.swift */,
				7F9C8CF01E7705E200D6D448 /* MemeMakerCollectionViewController.swift */,
				7FB2FB131E7B85B800D19792 /* MemeCollectionViewCell.swift */,
				7FB2FB151E80386600D19792 /* DetailViewController.swift */,
			);
			path = MemeMaker;
			sourceTree = "<group>";
		};
/* End PBXGroup section */

/* Begin PBXNativeTarget section */
		7F9C8CD81E7701A400D6D448 /* MemeMaker */ = {
			isa = PBXNativeTarget;
			buildConfigurationList = 7F9C8CEB1E7701A400D6D448 /* Build configuration list for PBXNativeTarget "MemeMaker" */;
			buildPhases = (
				7F9C8CD51E7701A400D6D448 /* Sources */,
				7F9C8CD61E7701A400D6D448 /* Frameworks */,
				7F9C8CD71E7701A400D6D448 /* Resources */,
			);
			buildRules = (
			);
			dependencies = (
			);
			name = MemeMaker;
			productName = MemeMaker;
			productReference = 7F9C8CD91E7701A400D6D448 /* MemeMaker.app */;
			productType = "com.apple.product-type.application";
		};
/* End PBXNativeTarget section */

/* Begin PBXProject section */
		7F9C8CD11E7701A400D6D448 /* Project object */ = {
			isa = PBXProject;
			attributes = {
				LastSwiftUpdateCheck = 0800;
				LastUpgradeCheck = 0800;
				ORGANIZATIONNAME = "Eliazar Terrazas";
				TargetAttributes = {
					7F9C8CD81E7701A400D6D448 = {
						CreatedOnToolsVersion = 8.0;
						ProvisioningStyle = Automatic;
					};
				};
			};
			buildConfigurationList = 7F9C8CD41E7701A400D6D448 /* Build configuration list for PBXProject "MemeMaker" */;
			compatibilityVersion = "Xcode 3.2";
			developmentRegion = English;
			hasScannedForEncodings = 0;
			knownRegions = (
				en,
				Base,
			);
			mainGroup = 7F9C8CD01E7701A400D6D448;
			productRefGroup = 7F9C8CDA1E7701A400D6D448 /* Products */;
			projectDirPath = "";
			projectRoot = "";
			targets = (
				7F9C8CD81E7701A400D6D448 /* MemeMaker */,
			);
		};
/* End PBXProject section */

/* Begin PBXResourcesBuildPhase section */
		7F9C8CD71E7701A400D6D448 /* Resources */ = {
			isa = PBXResourcesBuildPhase;
			buildActionMask = 2147483647;
			files = (
				7F9C8CE71E7701A400D6D448 /* LaunchScreen.storyboard in Resources */,
				7F9C8CE41E7701A400D6D448 /* Assets.xcassets in Resources */,
				7F9C8CE21E7701A400D6D448 /* Main.storyboard in Resources */,
			);
			runOnlyForDeploymentPostprocessing = 0;
		};
/* End PBXResourcesBuildPhase section */

/* Begin PBXSourcesBuildPhase section */
		7F9C8CD51E7701A400D6D448 /* Sources */ = {
			isa = PBXSourcesBuildPhase;
			buildActionMask = 2147483647;
			files = (
				7FB2FB141E7B85B800D19792 /* MemeCollectionViewCell.swift in Sources */,
				7F9C8CF11E7705E200D6D448 /* MemeMakerCollectionViewController.swift in Sources */,
				7F9C8CDF1E7701A400D6D448 /* MemeMakerViewController.swift in Sources */,
				7F9C8CF31E77068F00D6D448 /* MemeClass.swift in Sources */,
				7F9C8CEF1E7703F400D6D448 /* MemeMakerTableViewController.swift in Sources */,
				7F9C8CDD1E7701A400D6D448 /* AppDelegate.swift in Sources */,
				7FB2FB161E80386600D19792 /* DetailViewController.swift in Sources */,
			);
			runOnlyForDeploymentPostprocessing = 0;
		};
/* End PBXSourcesBuildPhase section */

/* Begin PBXVariantGroup section */
		7F9C8CE01E7701A400D6D448 /* Main.storyboard */ = {
			isa = PBXVariantGroup;
			children = (
				7F9C8CE11E7701A400D6D448 /* Base */,
			);
			name = Main.storyboard;
			sourceTree = "<group>";
		};
		7F9C8CE51E7701A400D6D448 /* LaunchScreen.storyboard */ = {
			isa = PBXVariantGroup;
			children = (
				7F9C8CE61E7701A400D6D448 /* Base */,
			);
			name = LaunchScreen.storyboard;
			sourceTree = "<group>";
		};
/* End PBXVariantGroup section */

/* Begin XCBuildConfiguration section */
		7F9C8CE91E7701A400D6D448 /* Debug */ = {
			isa = XCBuildConfiguration;
			buildSettings = {
				ALWAYS_SEARCH_USER_PATHS = NO;
				CLANG_ANALYZER_NONNULL = YES;
				CLANG_CXX_LANGUAGE_STANDARD = "gnu++0x";
				CLANG_CXX_LIBRARY = "libc++";
				CLANG_ENABLE_MODULES = YES;
				CLANG_ENABLE_OBJC_ARC = YES;
				CLANG_WARN_BOOL_CONVERSION = YES;
				CLANG_WARN_CONSTANT_CONVERSION = YES;
				CLANG_WARN_DIRECT_OBJC_ISA_USAGE = YES_ERROR;
				CLANG_WARN_DOCUMENTATION_COMMENTS = YES;
				CLANG_WARN_EMPTY_BODY = YES;
				CLANG_WARN_ENUM_CONVERSION = YES;
				CLANG_WARN_INFINITE_RECURSION = YES;
				CLANG_WARN_INT_CONVERSION = YES;
				CLANG_WARN_OBJC_ROOT_CLASS = YES_ERROR;
				CLANG_WARN_SUSPICIOUS_MOVES = YES;
				CLANG_WARN_UNREACHABLE_CODE = YES;
				CLANG_WARN__DUPLICATE_METHOD_MATCH = YES;
				"CODE_SIGN_IDENTITY[sdk=iphoneos*]" = "iPhone Developer";
				COPY_PHASE_STRIP = NO;
				DEBUG_INFORMATION_FORMAT = dwarf;
				ENABLE_STRICT_OBJC_MSGSEND = YES;
				ENABLE_TESTABILITY = YES;
				GCC_C_LANGUAGE_STANDARD = gnu99;
				GCC_DYNAMIC_NO_PIC = NO;
				GCC_NO_COMMON_BLOCKS = YES;
				GCC_OPTIMIZATION_LEVEL = 0;
				GCC_PREPROCESSOR_DEFINITIONS = (
					"DEBUG=1",
					"$(inherited)",
				);
				GCC_WARN_64_TO_32_BIT_CONVERSION = YES;
				GCC_WARN_ABOUT_RETURN_TYPE = YES_ERROR;
				GCC_WARN_UNDECLARED_SELECTOR = YES;
				GCC_WARN_UNINITIALIZED_AUTOS = YES_AGGRESSIVE;
				GCC_WARN_UNUSED_FUNCTION = YES;
				GCC_WARN_UNUSED_VARIABLE = YES;
				IPHONEOS_DEPLOYMENT_TARGET = 10.0;
				MTL_ENABLE_DEBUG_INFO = YES;
				ONLY_ACTIVE_ARCH = YES;
				SDKROOT = iphoneos;
				SWIFT_ACTIVE_COMPILATION_CONDITIONS = DEBUG;
				SWIFT_OPTIMIZATION_LEVEL = "-Onone";
				TARGETED_DEVICE_FAMILY = "1,2";
			};
			name = Debug;
		};
		7F9C8CEA1E7701A400D6D448 /* Release */ = {
			isa = XCBuildConfiguration;
			buildSettings = {
				ALWAYS_SEARCH_USER_PATHS = NO;
				CLANG_ANALYZER_NONNULL = YES;
				CLANG_CXX_LANGUAGE_STANDARD = "gnu++0x";
				CLANG_CXX_LIBRARY = "libc++";
				CLANG_ENABLE_MODULES = YES;
				CLANG_ENABLE_OBJC_ARC = YES;
				CLANG_WARN_BOOL_CONVERSION = YES;
				CLANG_WARN_CONSTANT_CONVERSION = YES;
				CLANG_WARN_DIRECT_OBJC_ISA_USAGE = YES_ERROR;
				CLANG_WARN_DOCUMENTATION_COMMENTS = YES;
				CLANG_WARN_EMPTY_BODY = YES;
				CLANG_WARN_ENUM_CONVERSION = YES;
				CLANG_WARN_INFINITE_RECURSION = YES;
				CLANG_WARN_INT_CONVERSION = YES;
				CLANG_WARN_OBJC_ROOT_CLASS = YES_ERROR;
				CLANG_WARN_SUSPICIOUS_MOVES = YES;
				CLANG_WARN_UNREACHABLE_CODE = YES;
				CLANG_WARN__DUPLICATE_METHOD_MATCH = YES;
				"CODE_SIGN_IDENTITY[sdk=iphoneos*]" = "iPhone Developer";
				COPY_PHASE_STRIP = NO;
				DEBUG_INFORMATION_FORMAT = "dwarf-with-dsym";
				ENABLE_NS_ASSERTIONS = NO;
				ENABLE_STRICT_OBJC_MSGSEND = YES;
				GCC_C_LANGUAGE_STANDARD = gnu99;
				GCC_NO_COMMON_BLOCKS = YES;
				GCC_WARN_64_TO_32_BIT_CONVERSION = YES;
				GCC_WARN_ABOUT_RETURN_TYPE = YES_ERROR;
				GCC_WARN_UNDECLARED_SELECTOR = YES;
				GCC_WARN_UNINITIALIZED_AUTOS = YES_AGGRESSIVE;
				GCC_WARN_UNUSED_FUNCTION = YES;
				GCC_WARN_UNUSED_VARIABLE = YES;
				IPHONEOS_DEPLOYMENT_TARGET = 10.0;
				MTL_ENABLE_DEBUG_INFO = NO;
				SDKROOT = iphoneos;
				SWIFT_OPTIMIZATION_LEVEL = "-Owholemodule";
				TARGETED_DEVICE_FAMILY = "1,2";
				VALIDATE_PRODUCT = YES;
			};
			name = Release;
		};
		7F9C8CEC1E7701A400D6D448 /* Debug */ = {
			isa = XCBuildConfiguration;
			buildSettings = {
				ASSETCATALOG_COMPILER_APPICON_NAME = AppIcon;
				INFOPLIST_FILE = MemeMaker/Info.plist;
				LD_RUNPATH_SEARCH_PATHS = "$(inherited) @executable_path/Frameworks";
				PRODUCT_BUNDLE_IDENTIFIER = myself.MemeMaker;
				PRODUCT_NAME = "$(TARGET_NAME)";
				SWIFT_VERSION = 3.0;
			};
			name = Debug;
		};
		7F9C8CED1E7701A400D6D448 /* Release */ = {
			isa = XCBuildConfiguration;
			buildSettings = {
				ASSETCATALOG_COMPILER_APPICON_NAME = AppIcon;
				INFOPLIST_FILE = MemeMaker/Info.plist;
				LD_RUNPATH_SEARCH_PATHS = "$(inherited) @executable_path/Frameworks";
				PRODUCT_BUNDLE_IDENTIFIER = myself.MemeMaker;
				PRODUCT_NAME = "$(TARGET_NAME)";
				SWIFT_VERSION = 3.0;
			};
			name = Release;
		};
/* End XCBuildConfiguration section */

/* Begin XCConfigurationList section */
		7F9C8CD41E7701A400D6D448 /* Build configuration list for PBXProject "MemeMaker" */ = {
			isa = XCConfigurationList;
			buildConfigurations = (
				7F9C8CE91E7701A400D6D448 /* Debug */,
				7F9C8CEA1E7701A400D6D448 /* Release */,
			);
			defaultConfigurationIsVisible = 0;
			defaultConfigurationName = Release;
		};
		7F9C8CEB1E7701A400D6D448 /* Build configuration list for PBXNativeTarget "MemeMaker" */ = {
			isa = XCConfigurationList;
			buildConfigurations = (
				7F9C8CEC1E7701A400D6D448 /* Debug */,
				7F9C8CED1E7701A400D6D448 /* Release */,
			);
			defaultConfigurationIsVisible = 0;
			defaultConfigurationName = Release;
		};
/* End XCConfigurationList section */
	};
	rootObject = 7F9C8CD11E7701A400D6D448 /* Project object */;
}
